
Microsoft Visual Studio Solution File, Format Version 12.00
# Visual Studio Version 16
VisualStudioVersion = 16.0.30104.148
MinimumVisualStudioVersion = 10.0.40219.1
Project("{FAE04EC0-301F-11D3-BF4B-00C04F79EFBC}") = "WebParser", "WebParser\WebParser.csproj", "{E0F53BD6-7B4A-491F-B288-588BECCE0309}"
EndProject
Global
	GlobalSection(SolutionConfigurationPlatforms) = preSolution
		Debug|Any CPU = Debug|Any CPU
		Release|Any CPU = Release|Any CPU
	EndGlobalSection
	GlobalSection(ProjectConfigurationPlatforms) = postSolution
		{E0F53BD6-7B4A-491F-B288-588BECCE0309}.Debug|Any CPU.ActiveCfg = Debug|Any CPU
		{E0F53BD6-7B4A-491F-B288-588BECCE0309}.Debug|Any CPU.Build.0 = Debug|Any CPU
		{E0F53BD6-7B4A-491F-B288-588BECCE0309}.Release|Any CPU.ActiveCfg = Release|Any CPU
		{E0F53BD6-7B4A-491F-B288-588BECCE0309}.Release|Any CPU.Build.0 = Release|Any CPU
	EndGlobalSection
	GlobalSection(SolutionProperties) = preSolution
		HideSolutionNode = FALSE
	EndGlobalSection
	GlobalSection(ExtensibilityGlobals) = postSolution
		SolutionGuid = {B4A652E0-AF50-4269-98A4-2F8E39D87DEA}
	EndGlobalSection
EndGlobal
